
Microsoft Visual Studio Solution File, Format Version 12.00
# Visual Studio 15
VisualStudioVersion = 15.0.27703.2035
MinimumVisualStudioVersion = 10.0.40219.1
Project("{FAE04EC0-301F-11D3-BF4B-00C04F79EFBC}") = "Implement_strStr_28", "Implement_strStr_28\Implement_strStr_28.csproj", "{477E2ECA-BCFE-4C3C-B097-1DEA3642B0C4}"
EndProject
Global
	GlobalSection(SolutionConfigurationPlatforms) = preSolution
		Debug|Any CPU = Debug|Any CPU
		Release|Any CPU = Release|Any CPU
	EndGlobalSection
	GlobalSection(ProjectConfigurationPlatforms) = postSolution
		{477E2ECA-BCFE-4C3C-B097-1DEA3642B0C4}.Debug|Any CPU.ActiveCfg = Debug|Any CPU
		{477E2ECA-BCFE-4C3C-B097-1DEA3642B0C4}.Debug|Any CPU.Build.0 = Debug|Any CPU
		{477E2ECA-BCFE-4C3C-B097-1DEA3642B0C4}.Release|Any CPU.ActiveCfg = Release|Any CPU
		{477E2ECA-BCFE-4C3C-B097-1DEA3642B0C4}.Release|Any CPU.Build.0 = Release|Any CPU
	EndGlobalSection
	GlobalSection(SolutionProperties) = preSolution
		HideSolutionNode = FALSE
	EndGlobalSection
	GlobalSection(ExtensibilityGlobals) = postSolution
		SolutionGuid = {0663EA95-B4BA-4971-A1FB-139413AAB9FE}
	EndGlobalSection
EndGlobal
