
Microsoft Visual Studio Solution File, Format Version 12.00
# Visual Studio 15
VisualStudioVersion = 15.0.27428.2005
MinimumVisualStudioVersion = 10.0.40219.1
Project("{FAE04EC0-301F-11D3-BF4B-00C04F79EFBC}") = "MaximumDepthOfBinaryTree_104", "MaximumDepthOfBinaryTree_104\MaximumDepthOfBinaryTree_104.csproj", "{7D39B0DE-D281-4BE2-815A-4DF2E7EC3EB3}"
EndProject
Global
	GlobalSection(SolutionConfigurationPlatforms) = preSolution
		Debug|Any CPU = Debug|Any CPU
		Release|Any CPU = Release|Any CPU
	EndGlobalSection
	GlobalSection(ProjectConfigurationPlatforms) = postSolution
		{7D39B0DE-D281-4BE2-815A-4DF2E7EC3EB3}.Debug|Any CPU.ActiveCfg = Debug|Any CPU
		{7D39B0DE-D281-4BE2-815A-4DF2E7EC3EB3}.Debug|Any CPU.Build.0 = Debug|Any CPU
		{7D39B0DE-D281-4BE2-815A-4DF2E7EC3EB3}.Release|Any CPU.ActiveCfg = Release|Any CPU
		{7D39B0DE-D281-4BE2-815A-4DF2E7EC3EB3}.Release|Any CPU.Build.0 = Release|Any CPU
	EndGlobalSection
	GlobalSection(SolutionProperties) = preSolution
		HideSolutionNode = FALSE
	EndGlobalSection
	GlobalSection(ExtensibilityGlobals) = postSolution
		SolutionGuid = {5A028CF6-D02D-4A88-827D-492A976F1684}
	EndGlobalSection
EndGlobal
