
Microsoft Visual Studio Solution File, Format Version 12.00
# Visual Studio 15
VisualStudioVersion = 15.0.27703.2035
MinimumVisualStudioVersion = 10.0.40219.1
Project("{FAE04EC0-301F-11D3-BF4B-00C04F79EFBC}") = "LongestConsecutiveSequence_128", "LongestConsecutiveSequence_128\LongestConsecutiveSequence_128.csproj", "{13683D38-FD0F-431E-8AB9-5B2D56BE1D89}"
EndProject
Global
	GlobalSection(SolutionConfigurationPlatforms) = preSolution
		Debug|Any CPU = Debug|Any CPU
		Release|Any CPU = Release|Any CPU
	EndGlobalSection
	GlobalSection(ProjectConfigurationPlatforms) = postSolution
		{13683D38-FD0F-431E-8AB9-5B2D56BE1D89}.Debug|Any CPU.ActiveCfg = Debug|Any CPU
		{13683D38-FD0F-431E-8AB9-5B2D56BE1D89}.Debug|Any CPU.Build.0 = Debug|Any CPU
		{13683D38-FD0F-431E-8AB9-5B2D56BE1D89}.Release|Any CPU.ActiveCfg = Release|Any CPU
		{13683D38-FD0F-431E-8AB9-5B2D56BE1D89}.Release|Any CPU.Build.0 = Release|Any CPU
	EndGlobalSection
	GlobalSection(SolutionProperties) = preSolution
		HideSolutionNode = FALSE
	EndGlobalSection
	GlobalSection(ExtensibilityGlobals) = postSolution
		SolutionGuid = {5D45E6F7-E49D-4045-8830-16697B668CC8}
	EndGlobalSection
EndGlobal
